
Microsoft Visual Studio Solution File, Format Version 12.00
# Visual Studio Version 17
VisualStudioVersion = 17.8.34525.116
MinimumVisualStudioVersion = 10.0.40219.1
Project("{9A19103F-16F7-4668-BE54-9A1E7A4F7556}") = "Divison", "Divison\Divison.csproj", "{ACC18FF2-2C26-44E2-8E9C-DF61184D384B}"
EndProject
Project("{9A19103F-16F7-4668-BE54-9A1E7A4F7556}") = "Sumas y multi", "Sumas y multi\Sumas y multi.csproj", "{C40EAD1B-63B6-4A65-8834-4D6F9228B04E}"
EndProject
Project("{FAE04EC0-301F-11D3-BF4B-00C04F79EFBC}") = "Hola mundo", "Hola mundo\Hola mundo.csproj", "{53CF0CE3-F372-446B-82BD-87FB0222F820}"
EndProject
Global
	GlobalSection(SolutionConfigurationPlatforms) = preSolution
		Debug|Any CPU = Debug|Any CPU
		Release|Any CPU = Release|Any CPU
	EndGlobalSection
	GlobalSection(ProjectConfigurationPlatforms) = postSolution
		{ACC18FF2-2C26-44E2-8E9C-DF61184D384B}.Debug|Any CPU.ActiveCfg = Debug|Any CPU
		{ACC18FF2-2C26-44E2-8E9C-DF61184D384B}.Debug|Any CPU.Build.0 = Debug|Any CPU
		{ACC18FF2-2C26-44E2-8E9C-DF61184D384B}.Release|Any CPU.ActiveCfg = Release|Any CPU
		{ACC18FF2-2C26-44E2-8E9C-DF61184D384B}.Release|Any CPU.Build.0 = Release|Any CPU
		{C40EAD1B-63B6-4A65-8834-4D6F9228B04E}.Debug|Any CPU.ActiveCfg = Debug|Any CPU
		{C40EAD1B-63B6-4A65-8834-4D6F9228B04E}.Debug|Any CPU.Build.0 = Debug|Any CPU
		{C40EAD1B-63B6-4A65-8834-4D6F9228B04E}.Release|Any CPU.ActiveCfg = Release|Any CPU
		{C40EAD1B-63B6-4A65-8834-4D6F9228B04E}.Release|Any CPU.Build.0 = Release|Any CPU
		{53CF0CE3-F372-446B-82BD-87FB0222F820}.Debug|Any CPU.ActiveCfg = Debug|Any CPU
		{53CF0CE3-F372-446B-82BD-87FB0222F820}.Debug|Any CPU.Build.0 = Debug|Any CPU
		{53CF0CE3-F372-446B-82BD-87FB0222F820}.Release|Any CPU.ActiveCfg = Release|Any CPU
		{53CF0CE3-F372-446B-82BD-87FB0222F820}.Release|Any CPU.Build.0 = Release|Any CPU
	EndGlobalSection
	GlobalSection(SolutionProperties) = preSolution
		HideSolutionNode = FALSE
	EndGlobalSection
	GlobalSection(ExtensibilityGlobals) = postSolution
		SolutionGuid = {D268CBEF-DB1A-4854-B32A-C0E8DDD2368B}
	EndGlobalSection
EndGlobal
