
Microsoft Visual Studio Solution File, Format Version 12.00
# Visual Studio Version 17
VisualStudioVersion = 17.8.34525.116
MinimumVisualStudioVersion = 10.0.40219.1
Project("{9A19103F-16F7-4668-BE54-9A1E7A4F7556}") = "Divison", "Divison\Divison.csproj", "{ACC18FF2-2C26-44E2-8E9C-DF61184D384B}"
EndProject
Project("{9A19103F-16F7-4668-BE54-9A1E7A4F7556}") = "Sumas y multi", "Sumas y multi\Sumas y multi.csproj", "{C40EAD1B-63B6-4A65-8834-4D6F9228B04E}"
EndProject
Project("{9A19103F-16F7-4668-BE54-9A1E7A4F7556}") = "Cof cof", "..\..\Cof cof\Cof cof\Cof cof.csproj", "{0894C8A9-AC8D-4B78-BD8F-3A21DC58F748}"
EndProject
Global
	GlobalSection(SolutionConfigurationPlatforms) = preSolution
		Debug|Any CPU = Debug|Any CPU
		Release|Any CPU = Release|Any CPU
	EndGlobalSection
	GlobalSection(ProjectConfigurationPlatforms) = postSolution
		{ACC18FF2-2C26-44E2-8E9C-DF61184D384B}.Debug|Any CPU.ActiveCfg = Debug|Any CPU
		{ACC18FF2-2C26-44E2-8E9C-DF61184D384B}.Debug|Any CPU.Build.0 = Debug|Any CPU
		{ACC18FF2-2C26-44E2-8E9C-DF61184D384B}.Release|Any CPU.ActiveCfg = Release|Any CPU
		{ACC18FF2-2C26-44E2-8E9C-DF61184D384B}.Release|Any CPU.Build.0 = Release|Any CPU
		{C40EAD1B-63B6-4A65-8834-4D6F9228B04E}.Debug|Any CPU.ActiveCfg = Debug|Any CPU
		{C40EAD1B-63B6-4A65-8834-4D6F9228B04E}.Debug|Any CPU.Build.0 = Debug|Any CPU
		{C40EAD1B-63B6-4A65-8834-4D6F9228B04E}.Release|Any CPU.ActiveCfg = Release|Any CPU
		{C40EAD1B-63B6-4A65-8834-4D6F9228B04E}.Release|Any CPU.Build.0 = Release|Any CPU
		{0894C8A9-AC8D-4B78-BD8F-3A21DC58F748}.Debug|Any CPU.ActiveCfg = Debug|Any CPU
		{0894C8A9-AC8D-4B78-BD8F-3A21DC58F748}.Debug|Any CPU.Build.0 = Debug|Any CPU
		{0894C8A9-AC8D-4B78-BD8F-3A21DC58F748}.Release|Any CPU.ActiveCfg = Release|Any CPU
		{0894C8A9-AC8D-4B78-BD8F-3A21DC58F748}.Release|Any CPU.Build.0 = Release|Any CPU
	EndGlobalSection
	GlobalSection(SolutionProperties) = preSolution
		HideSolutionNode = FALSE
	EndGlobalSection
	GlobalSection(ExtensibilityGlobals) = postSolution
		SolutionGuid = {D268CBEF-DB1A-4854-B32A-C0E8DDD2368B}
	EndGlobalSection
EndGlobal
